// !$*UTF8*$!
{
	archiveVersion = 1;
	classes = {
	};
	objectVersion = 56;
	objects = {

/* Begin PBXBuildFile section */
		565B1650295EE43600C305FF /* BioBlitzApp.swift in Sources */ = {isa = PBXBuildFile; fileRef = 565B164F295EE43600C305FF /* BioBlitzApp.swift */; };
		565B1652295EE43600C305FF /* ContentView.swift in Sources */ = {isa = PBXBuildFile; fileRef = 565B1651295EE43600C305FF /* ContentView.swift */; };
		565B1654295EE43800C305FF /* Assets.xcassets in Resources */ = {isa = PBXBuildFile; fileRef = 565B1653295EE43800C305FF /* Assets.xcassets */; };
		565B1657295EE43800C305FF /* Preview Assets.xcassets in Resources */ = {isa = PBXBuildFile; fileRef = 565B1656295EE43800C305FF /* Preview Assets.xcassets */; };
		565B165F295EE75E00C305FF /* Bacteria.swift in Sources */ = {isa = PBXBuildFile; fileRef = 565B165E295EE75E00C305FF /* Bacteria.swift */; };
		565B1661295EE93D00C305FF /* BacteriaView.swift in Sources */ = {isa = PBXBuildFile; fileRef = 565B1660295EE93D00C305FF /* BacteriaView.swift */; };
		565B1663295EEECF00C305FF /* GameBoard.swift in Sources */ = {isa = PBXBuildFile; fileRef = 565B1662295EEECF00C305FF /* GameBoard.swift */; };
/* End PBXBuildFile section */

/* Begin PBXFileReference section */
		565B164C295EE43600C305FF /* BioBlitz.app */ = {isa = PBXFileReference; explicitFileType = wrapper.application; includeInIndex = 0; path = BioBlitz.app; sourceTree = BUILT_PRODUCTS_DIR; };
		565B164F295EE43600C305FF /* BioBlitzApp.swift */ = {isa = PBXFileReference; lastKnownFileType = sourcecode.swift; path = BioBlitzApp.swift; sourceTree = "<group>"; };
		565B1651295EE43600C305FF /* ContentView.swift */ = {isa = PBXFileReference; lastKnownFileType = sourcecode.swift; path = ContentView.swift; sourceTree = "<group>"; };
		565B1653295EE43800C305FF /* Assets.xcassets */ = {isa = PBXFileReference; lastKnownFileType = folder.assetcatalog; path = Assets.xcassets; sourceTree = "<group>"; };
		565B1656295EE43800C305FF /* Preview Assets.xcassets */ = {isa = PBXFileReference; lastKnownFileType = folder.assetcatalog; path = "Preview Assets.xcassets"; sourceTree = "<group>"; };
		565B1658295EE43800C305FF /* BioBlitz.entitlements */ = {isa = PBXFileReference; lastKnownFileType = text.plist.entitlements; path = BioBlitz.entitlements; sourceTree = "<group>"; };
		565B165E295EE75E00C305FF /* Bacteria.swift */ = {isa = PBXFileReference; lastKnownFileType = sourcecode.swift; path = Bacteria.swift; sourceTree = "<group>"; };
		565B1660295EE93D00C305FF /* BacteriaView.swift */ = {isa = PBXFileReference; lastKnownFileType = sourcecode.swift; path = BacteriaView.swift; sourceTree = "<group>"; };
		565B1662295EEECF00C305FF /* GameBoard.swift */ = {isa = PBXFileReference; lastKnownFileType = sourcecode.swift; path = GameBoard.swift; sourceTree = "<group>"; };
/* End PBXFileReference section */

/* Begin PBXFrameworksBuildPhase section */
		565B1649295EE43600C305FF /* Frameworks */ = {
			isa = PBXFrameworksBuildPhase;
			buildActionMask = 2147483647;
			files = (
			);
			runOnlyForDeploymentPostprocessing = 0;
		};
/* End PBXFrameworksBuildPhase section */

/* Begin PBXGroup section */
		565B1643295EE43600C305FF = {
			isa = PBXGroup;
			children = (
				565B164E295EE43600C305FF /* BioBlitz */,
				565B164D295EE43600C305FF /* Products */,
			);
			sourceTree = "<group>";
		};
		565B164D295EE43600C305FF /* Products */ = {
			isa = PBXGroup;
			children = (
				565B164C295EE43600C305FF /* BioBlitz.app */,
			);
			name = Products;
			sourceTree = "<group>";
		};
		565B164E295EE43600C305FF /* BioBlitz */ = {
			isa = PBXGroup;
			children = (
				565B1662295EEECF00C305FF /* GameBoard.swift */,
				565B164F295EE43600C305FF /* BioBlitzApp.swift */,
				565B165E295EE75E00C305FF /* Bacteria.swift */,
				565B1660295EE93D00C305FF /* BacteriaView.swift */,
				565B1651295EE43600C305FF /* ContentView.swift */,
				565B1653295EE43800C305FF /* Assets.xcassets */,
				565B1658295EE43800C305FF /* BioBlitz.entitlements */,
				565B1655295EE43800C305FF /* Preview Content */,
			);
			path = BioBlitz;
			sourceTree = "<group>";
		};
		565B1655295EE43800C305FF /* Preview Content */ = {
			isa = PBXGroup;
			children = (
				565B1656295EE43800C305FF /* Preview Assets.xcassets */,
			);
			path = "Preview Content";
			sourceTree = "<group>";
		};
/* End PBXGroup section */

/* Begin PBXNativeTarget section */
		565B164B295EE43600C305FF /* BioBlitz */ = {
			isa = PBXNativeTarget;
			buildConfigurationList = 565B165B295EE43800C305FF /* Build configuration list for PBXNativeTarget "BioBlitz" */;
			buildPhases = (
				565B1648295EE43600C305FF /* Sources */,
				565B1649295EE43600C305FF /* Frameworks */,
				565B164A295EE43600C305FF /* Resources */,
			);
			buildRules = (
			);
			dependencies = (
			);
			name = BioBlitz;
			productName = BioBlitz;
			productReference = 565B164C295EE43600C305FF /* BioBlitz.app */;
			productType = "com.apple.product-type.application";
		};
/* End PBXNativeTarget section */

/* Begin PBXProject section */
		565B1644295EE43600C305FF /* Project object */ = {
			isa = PBXProject;
			attributes = {
				BuildIndependentTargetsInParallel = 1;
				LastSwiftUpdateCheck = 1400;
				LastUpgradeCheck = 1400;
				TargetAttributes = {
					565B164B295EE43600C305FF = {
						CreatedOnToolsVersion = 14.0;
					};
				};
			};
			buildConfigurationList = 565B1647295EE43600C305FF /* Build configuration list for PBXProject "BioBlitz" */;
			compatibilityVersion = "Xcode 14.0";
			developmentRegion = en;
			hasScannedForEncodings = 0;
			knownRegions = (
				en,
				Base,
			);
			mainGroup = 565B1643295EE43600C305FF;
			productRefGroup = 565B164D295EE43600C305FF /* Products */;
			projectDirPath = "";
			projectRoot = "";
			targets = (
				565B164B295EE43600C305FF /* BioBlitz */,
			);
		};
/* End PBXProject section */

/* Begin PBXResourcesBuildPhase section */
		565B164A295EE43600C305FF /* Resources */ = {
			isa = PBXResourcesBuildPhase;
			buildActionMask = 2147483647;
			files = (
				565B1657295EE43800C305FF /* Preview Assets.xcassets in Resources */,
				565B1654295EE43800C305FF /* Assets.xcassets in Resources */,
			);
			runOnlyForDeploymentPostprocessing = 0;
		};
/* End PBXResourcesBuildPhase section */

/* Begin PBXSourcesBuildPhase section */
		565B1648295EE43600C305FF /* Sources */ = {
			isa = PBXSourcesBuildPhase;
			buildActionMask = 2147483647;
			files = (
				565B1652295EE43600C305FF /* ContentView.swift in Sources */,
				565B1650295EE43600C305FF /* BioBlitzApp.swift in Sources */,
				565B1663295EEECF00C305FF /* GameBoard.swift in Sources */,
				565B165F295EE75E00C305FF /* Bacteria.swift in Sources */,
				565B1661295EE93D00C305FF /* BacteriaView.swift in Sources */,
			);
			runOnlyForDeploymentPostprocessing = 0;
		};
/* End PBXSourcesBuildPhase section */

/* Begin XCBuildConfiguration section */
		565B1659295EE43800C305FF /* Debug */ = {
			isa = XCBuildConfiguration;
			buildSettings = {
				ALWAYS_SEARCH_USER_PATHS = NO;
				CLANG_ANALYZER_NONNULL = YES;
				CLANG_ANALYZER_NUMBER_OBJECT_CONVERSION = YES_AGGRESSIVE;
				CLANG_CXX_LANGUAGE_STANDARD = "gnu++20";
				CLANG_ENABLE_MODULES = YES;
				CLANG_ENABLE_OBJC_ARC = YES;
				CLANG_ENABLE_OBJC_WEAK = YES;
				CLANG_WARN_BLOCK_CAPTURE_AUTORELEASING = YES;
				CLANG_WARN_BOOL_CONVERSION = YES;
				CLANG_WARN_COMMA = YES;
				CLANG_WARN_CONSTANT_CONVERSION = YES;
				CLANG_WARN_DEPRECATED_OBJC_IMPLEMENTATIONS = YES;
				CLANG_WARN_DIRECT_OBJC_ISA_USAGE = YES_ERROR;
				CLANG_WARN_DOCUMENTATION_COMMENTS = YES;
				CLANG_WARN_EMPTY_BODY = YES;
				CLANG_WARN_ENUM_CONVERSION = YES;
				CLANG_WARN_INFINITE_RECURSION = YES;
				CLANG_WARN_INT_CONVERSION = YES;
				CLANG_WARN_NON_LITERAL_NULL_CONVERSION = YES;
				CLANG_WARN_OBJC_IMPLICIT_RETAIN_SELF = YES;
				CLANG_WARN_OBJC_LITERAL_CONVERSION = YES;
				CLANG_WARN_OBJC_ROOT_CLASS = YES_ERROR;
				CLANG_WARN_QUOTED_INCLUDE_IN_FRAMEWORK_HEADER = YES;
				CLANG_WARN_RANGE_LOOP_ANALYSIS = YES;
				CLANG_WARN_STRICT_PROTOTYPES = YES;
				CLANG_WARN_SUSPICIOUS_MOVE = YES;
				CLANG_WARN_UNGUARDED_AVAILABILITY = YES_AGGRESSIVE;
				CLANG_WARN_UNREACHABLE_CODE = YES;
				CLANG_WARN__DUPLICATE_METHOD_MATCH = YES;
				COPY_PHASE_STRIP = NO;
				DEBUG_INFORMATION_FORMAT = dwarf;
				ENABLE_STRICT_OBJC_MSGSEND = YES;
				ENABLE_TESTABILITY = YES;
				GCC_C_LANGUAGE_STANDARD = gnu11;
				GCC_DYNAMIC_NO_PIC = NO;
				GCC_NO_COMMON_BLOCKS = YES;
				GCC_OPTIMIZATION_LEVEL = 0;
				GCC_PREPROCESSOR_DEFINITIONS = (
					"DEBUG=1",
					"$(inherited)",
				);
				GCC_WARN_64_TO_32_BIT_CONVERSION = YES;
				GCC_WARN_ABOUT_RETURN_TYPE = YES_ERROR;
				GCC_WARN_UNDECLARED_SELECTOR = YES;
				GCC_WARN_UNINITIALIZED_AUTOS = YES_AGGRESSIVE;
				GCC_WARN_UNUSED_FUNCTION = YES;
				GCC_WARN_UNUSED_VARIABLE = YES;
				MACOSX_DEPLOYMENT_TARGET = 12.3;
				MTL_ENABLE_DEBUG_INFO = INCLUDE_SOURCE;
				MTL_FAST_MATH = YES;
				ONLY_ACTIVE_ARCH = YES;
				SDKROOT = macosx;
				SWIFT_ACTIVE_COMPILATION_CONDITIONS = DEBUG;
				SWIFT_OPTIMIZATION_LEVEL = "-Onone";
			};
			name = Debug;
		};
		565B165A295EE43800C305FF /* Release */ = {
			isa = XCBuildConfiguration;
			buildSettings = {
				ALWAYS_SEARCH_USER_PATHS = NO;
				CLANG_ANALYZER_NONNULL = YES;
				CLANG_ANALYZER_NUMBER_OBJECT_CONVERSION = YES_AGGRESSIVE;
				CLANG_CXX_LANGUAGE_STANDARD = "gnu++20";
				CLANG_ENABLE_MODULES = YES;
				CLANG_ENABLE_OBJC_ARC = YES;
				CLANG_ENABLE_OBJC_WEAK = YES;
				CLANG_WARN_BLOCK_CAPTURE_AUTORELEASING = YES;
				CLANG_WARN_BOOL_CONVERSION = YES;
				CLANG_WARN_COMMA = YES;
				CLANG_WARN_CONSTANT_CONVERSION = YES;
				CLANG_WARN_DEPRECATED_OBJC_IMPLEMENTATIONS = YES;
				CLANG_WARN_DIRECT_OBJC_ISA_USAGE = YES_ERROR;
				CLANG_WARN_DOCUMENTATION_COMMENTS = YES;
				CLANG_WARN_EMPTY_BODY = YES;
				CLANG_WARN_ENUM_CONVERSION = YES;
				CLANG_WARN_INFINITE_RECURSION = YES;
				CLANG_WARN_INT_CONVERSION = YES;
				CLANG_WARN_NON_LITERAL_NULL_CONVERSION = YES;
				CLANG_WARN_OBJC_IMPLICIT_RETAIN_SELF = YES;
				CLANG_WARN_OBJC_LITERAL_CONVERSION = YES;
				CLANG_WARN_OBJC_ROOT_CLASS = YES_ERROR;
				CLANG_WARN_QUOTED_INCLUDE_IN_FRAMEWORK_HEADER = YES;
				CLANG_WARN_RANGE_LOOP_ANALYSIS = YES;
				CLANG_WARN_STRICT_PROTOTYPES = YES;
				CLANG_WARN_SUSPICIOUS_MOVE = YES;
				CLANG_WARN_UNGUARDED_AVAILABILITY = YES_AGGRESSIVE;
				CLANG_WARN_UNREACHABLE_CODE = YES;
				CLANG_WARN__DUPLICATE_METHOD_MATCH = YES;
				COPY_PHASE_STRIP = NO;
				DEBUG_INFORMATION_FORMAT = "dwarf-with-dsym";
				ENABLE_NS_ASSERTIONS = NO;
				ENABLE_STRICT_OBJC_MSGSEND = YES;
				GCC_C_LANGUAGE_STANDARD = gnu11;
				GCC_NO_COMMON_BLOCKS = YES;
				GCC_WARN_64_TO_32_BIT_CONVERSION = YES;
				GCC_WARN_ABOUT_RETURN_TYPE = YES_ERROR;
				GCC_WARN_UNDECLARED_SELECTOR = YES;
				GCC_WARN_UNINITIALIZED_AUTOS = YES_AGGRESSIVE;
				GCC_WARN_UNUSED_FUNCTION = YES;
				GCC_WARN_UNUSED_VARIABLE = YES;
				MACOSX_DEPLOYMENT_TARGET = 12.3;
				MTL_ENABLE_DEBUG_INFO = NO;
				MTL_FAST_MATH = YES;
				SDKROOT = macosx;
				SWIFT_COMPILATION_MODE = wholemodule;
				SWIFT_OPTIMIZATION_LEVEL = "-O";
			};
			name = Release;
		};
		565B165C295EE43800C305FF /* Debug */ = {
			isa = XCBuildConfiguration;
			buildSettings = {
				ASSETCATALOG_COMPILER_APPICON_NAME = AppIcon;
				ASSETCATALOG_COMPILER_GLOBAL_ACCENT_COLOR_NAME = AccentColor;
				CODE_SIGN_ENTITLEMENTS = BioBlitz/BioBlitz.entitlements;
				CODE_SIGN_STYLE = Automatic;
				COMBINE_HIDPI_IMAGES = YES;
				CURRENT_PROJECT_VERSION = 1;
				DEVELOPMENT_ASSET_PATHS = "\"BioBlitz/Preview Content\"";
				DEVELOPMENT_TEAM = B3MZ96QT2S;
				ENABLE_HARDENED_RUNTIME = YES;
				ENABLE_PREVIEWS = YES;
				GENERATE_INFOPLIST_FILE = YES;
				INFOPLIST_KEY_NSHumanReadableCopyright = "";
				LD_RUNPATH_SEARCH_PATHS = (
					"$(inherited)",
					"@executable_path/../Frameworks",
				);
				MARKETING_VERSION = 1.0;
				PRODUCT_BUNDLE_IDENTIFIER = com.mihaicerneanu.BioBlitz;
				PRODUCT_NAME = "$(TARGET_NAME)";
				SWIFT_EMIT_LOC_STRINGS = YES;
				SWIFT_VERSION = 5.0;
			};
			name = Debug;
		};
		565B165D295EE43800C305FF /* Release */ = {
			isa = XCBuildConfiguration;
			buildSettings = {
				ASSETCATALOG_COMPILER_APPICON_NAME = AppIcon;
				ASSETCATALOG_COMPILER_GLOBAL_ACCENT_COLOR_NAME = AccentColor;
				CODE_SIGN_ENTITLEMENTS = BioBlitz/BioBlitz.entitlements;
				CODE_SIGN_STYLE = Automatic;
				COMBINE_HIDPI_IMAGES = YES;
				CURRENT_PROJECT_VERSION = 1;
				DEVELOPMENT_ASSET_PATHS = "\"BioBlitz/Preview Content\"";
				DEVELOPMENT_TEAM = B3MZ96QT2S;
				ENABLE_HARDENED_RUNTIME = YES;
				ENABLE_PREVIEWS = YES;
				GENERATE_INFOPLIST_FILE = YES;
				INFOPLIST_KEY_NSHumanReadableCopyright = "";
				LD_RUNPATH_SEARCH_PATHS = (
					"$(inherited)",
					"@executable_path/../Frameworks",
				);
				MARKETING_VERSION = 1.0;
				PRODUCT_BUNDLE_IDENTIFIER = com.mihaicerneanu.BioBlitz;
				PRODUCT_NAME = "$(TARGET_NAME)";
				SWIFT_EMIT_LOC_STRINGS = YES;
				SWIFT_VERSION = 5.0;
			};
			name = Release;
		};
/* End XCBuildConfiguration section */

/* Begin XCConfigurationList section */
		565B1647295EE43600C305FF /* Build configuration list for PBXProject "BioBlitz" */ = {
			isa = XCConfigurationList;
			buildConfigurations = (
				565B1659295EE43800C305FF /* Debug */,
				565B165A295EE43800C305FF /* Release */,
			);
			defaultConfigurationIsVisible = 0;
			defaultConfigurationName = Release;
		};
		565B165B295EE43800C305FF /* Build configuration list for PBXNativeTarget "BioBlitz" */ = {
			isa = XCConfigurationList;
			buildConfigurations = (
				565B165C295EE43800C305FF /* Debug */,
				565B165D295EE43800C305FF /* Release */,
			);
			defaultConfigurationIsVisible = 0;
			defaultConfigurationName = Release;
		};
/* End XCConfigurationList section */
	};
	rootObject = 565B1644295EE43600C305FF /* Project object */;
}
